{
  "version": 4,
  "terraform_version": "0.12.29",
  "serial": 5,
  "lineage": "cb992066-c265-7a89-b42f-b38e787074d2",
  "outputs": {
    "kubernetes_cluster_name": {
      "value": "shining-rush-284917-gke",
      "type": "string"
    },
    "region": {
      "value": "us-central1",
      "type": "string"
    }
  },
  "resources": [
    {
      "mode": "managed",
      "type": "google_compute_network",
      "name": "vpc",
      "provider": "provider.google",
      "instances": [
        {
          "schema_version": 0,
          "attributes": {
            "auto_create_subnetworks": false,
            "delete_default_routes_on_create": false,
            "description": "",
            "gateway_ipv4": "",
            "id": "projects/shining-rush-284917/global/networks/shining-rush-284917-vpc",
            "ipv4_range": null,
            "name": "shining-rush-284917-vpc",
            "project": "shining-rush-284917",
            "routing_mode": "REGIONAL",
            "self_link": "https://www.googleapis.com/compute/v1/projects/shining-rush-284917/global/networks/shining-rush-284917-vpc",
            "timeouts": null
          },
          "private": "eyJlMmJmYjczMC1lY2FhLTExZTYtOGY4OC0zNDM2M2JjN2M0YzAiOnsiY3JlYXRlIjoyNDAwMDAwMDAwMDAsImRlbGV0ZSI6MjQwMDAwMDAwMDAwLCJ1cGRhdGUiOjI0MDAwMDAwMDAwMH19"
        }
      ]
    },
    {
      "mode": "managed",
      "type": "google_compute_subnetwork",
      "name": "subnet",
      "provider": "provider.google",
      "instances": [
        {
          "schema_version": 0,
          "attributes": {
            "creation_timestamp": "2020-08-07T14:11:46.483-07:00",
            "description": "",
            "enable_flow_logs": null,
            "fingerprint": null,
            "gateway_address": "10.10.0.1",
            "id": "projects/shining-rush-284917/regions/us-central1/subnetworks/shining-rush-284917-subnet",
            "ip_cidr_range": "10.10.0.0/24",
            "log_config": [],
            "name": "shining-rush-284917-subnet",
            "network": "https://www.googleapis.com/compute/v1/projects/shining-rush-284917/global/networks/shining-rush-284917-vpc",
            "private_ip_google_access": false,
            "project": "shining-rush-284917",
            "region": "us-central1",
            "secondary_ip_range": [],
            "self_link": "https://www.googleapis.com/compute/v1/projects/shining-rush-284917/regions/us-central1/subnetworks/shining-rush-284917-subnet",
            "timeouts": null
          },
          "private": "eyJlMmJmYjczMC1lY2FhLTExZTYtOGY4OC0zNDM2M2JjN2M0YzAiOnsiY3JlYXRlIjozNjAwMDAwMDAwMDAsImRlbGV0ZSI6MzYwMDAwMDAwMDAwLCJ1cGRhdGUiOjM2MDAwMDAwMDAwMH19",
          "dependencies": [
            "google_compute_network.vpc"
          ]
        }
      ]
    },
    {
      "mode": "managed",
      "type": "google_container_cluster",
      "name": "primary",
      "provider": "provider.google",
      "instances": [
        {
          "schema_version": 1,
          "attributes": {
            "additional_zones": [],
            "addons_config": [
              {
                "cloudrun_config": [],
                "horizontal_pod_autoscaling": [],
                "http_load_balancing": [],
                "kubernetes_dashboard": [],
                "network_policy_config": [
                  {
                    "disabled": true
                  }
                ]
              }
            ],
            "authenticator_groups_config": [],
            "cluster_autoscaling": [
              {
                "auto_provisioning_defaults": [],
                "enabled": false,
                "resource_limits": []
              }
            ],
            "cluster_ipv4_cidr": "10.4.0.0/14",
            "database_encryption": [
              {
                "key_name": "",
                "state": "DECRYPTED"
              }
            ],
            "default_max_pods_per_node": null,
            "description": "",
            "enable_binary_authorization": false,
            "enable_intranode_visibility": null,
            "enable_kubernetes_alpha": false,
            "enable_legacy_abac": false,
            "enable_shielded_nodes": false,
            "enable_tpu": null,
            "endpoint": "34.67.10.235",
            "id": "projects/shining-rush-284917/locations/us-central1/clusters/shining-rush-284917-gke",
            "initial_node_count": 1,
            "instance_group_urls": [],
            "ip_allocation_policy": [],
            "label_fingerprint": "a9dc16a7",
            "location": "us-central1",
            "logging_service": "logging.googleapis.com/kubernetes",
            "maintenance_policy": [],
            "master_auth": [
              {
                "client_certificate": "",
                "client_certificate_config": [
                  {
                    "issue_client_certificate": false
                  }
                ],
                "client_key": "",
                "cluster_ca_certificate": "LS0tLS1CRUdJTiBDRVJUSUZJQ0FURS0tLS0tCk1JSURERENDQWZTZ0F3SUJBZ0lSQU1FTVlTSEVuQ2lOSXNlZXNjK1diSkV3RFFZSktvWklodmNOQVFFTEJRQXcKTHpFdE1Dc0dBMVVFQXhNa1l6TTJZelE0WWpjdE5tTXpNUzAwTkRjeUxUaGtNREl0WW1NNU16Um1NemhsTmpRMwpNQjRYRFRJd01EZ3dOekl3TVRJeE0xb1hEVEkxTURnd05qSXhNVEl4TTFvd0x6RXRNQ3NHQTFVRUF4TWtZek0yCll6UTRZamN0Tm1Nek1TMDBORGN5TFRoa01ESXRZbU01TXpSbU16aGxOalEzTUlJQklqQU5CZ2txaGtpRzl3MEIKQVFFRkFBT0NBUThBTUlJQkNnS0NBUUVBc0RLZVBsTFFJK0ZZWVFkamo0ZmdpSmxRWHVoYS9lSDFMcHJVdWMwbgpzbFpYdXpXdkVPTUZGQjBxaEYvQk85dWZzbno4dFAwcnB5SUM2NzRIQ2k5aGVWZzVya1pJSzRKWk9KWThNNzVPClQ1aWFJb3ZrWnhRTE8zMFRiWTdCQjV4NFp5L1ZZSmtjU01ISXlpY1U0T240TGpNOHpuaWNJSytYc29DS0E0L3gKekRFUDkwK00zd1o1NzRuYkRoSXMyN2R4dzk1UFVJVlN1Z0tYdFBDQ0EzQ1R4TTl4NThrR0ZVOXFjZ1Q2WHpZYQowMDBuVURpaDR6bGx4NHNQREV3YTNPY1U3MFNoUVFweDltb2xwQmtjV3hydDNWdmhHQTNmdWJFQ2YwajNuQ3JWClZNWUE3VlgwRXB5TGsreHJ4YVo1dDBDYVF0MmdSdkcyaXFwV1AwbmgyZGZpdFFJREFRQUJveU13SVRBT0JnTlYKSFE4QkFmOEVCQU1DQWdRd0R3WURWUjBUQVFIL0JBVXdBd0VCL3pBTkJna3Foa2lHOXcwQkFRc0ZBQU9DQVFFQQpnWkltRVZ4bGN4VWs4dmpEQ3JlaEo4VkxSV3hSYjZvMmZVczFDeFRhdHhIbGFZNUJ0M3NPWm9Nd0lRWHErU1JWCk9kUDVKSm16U0NzVW1GSmJyMm84TmpleHQ0M0toZUF0UHYwUkJmTmg2WWxwc2srYXUxM3J2U0EwZk5kSFZ2QW0KVXkrZkZkU1NpUFFnZ2hweEtkSTNvd0puUFdTbVg2ZUJnRDdqMGI3SFpvZ0JTd2Jwa1Q4RDlWWFVIQlJjcnMwYgpHQml3U2tKckdKMllTRWs4akpMeUh6UVU5RHRvWE00c1Y2TFBHbHlIZW1sVEtDSTlRaGRVUEFIZVp2bTB4RnZwClJNdEI0cGVaaWZ1b0E2cCtURFJKK2o0RHpRd3FCR3lvWmV0RWRNei93Zm03c2ZPZnc1RDhuNUtWOUZ3T3RyZjQKTDZrcVR6alZ3UTJKckJneXZmQldVdz09Ci0tLS0tRU5EIENFUlRJRklDQVRFLS0tLS0K",
                "password": "",
                "username": ""
              }
            ],
            "master_authorized_networks_config": [],
            "master_version": "1.15.12-gke.2",
            "min_master_version": null,
            "monitoring_service": "monitoring.googleapis.com/kubernetes",
            "name": "shining-rush-284917-gke",
            "network": "projects/shining-rush-284917/global/networks/shining-rush-284917-vpc",
            "network_policy": [
              {
                "enabled": false,
                "provider": "PROVIDER_UNSPECIFIED"
              }
            ],
            "node_config": [],
            "node_locations": [
              "us-central1-a",
              "us-central1-b",
              "us-central1-f"
            ],
            "node_pool": [],
            "node_version": "1.15.12-gke.2",
            "operation": null,
            "pod_security_policy_config": null,
            "private_cluster_config": [],
            "project": "shining-rush-284917",
            "region": null,
            "remove_default_node_pool": true,
            "resource_labels": null,
            "resource_usage_export_config": [],
            "services_ipv4_cidr": "10.7.240.0/20",
            "subnetwork": "projects/shining-rush-284917/regions/us-central1/subnetworks/shining-rush-284917-subnet",
            "timeouts": null,
            "vertical_pod_autoscaling": [],
            "workload_identity_config": [],
            "zone": null
          },
          "private": "eyJlMmJmYjczMC1lY2FhLTExZTYtOGY4OC0zNDM2M2JjN2M0YzAiOnsiY3JlYXRlIjoyNDAwMDAwMDAwMDAwLCJkZWxldGUiOjI0MDAwMDAwMDAwMDAsInJlYWQiOjI0MDAwMDAwMDAwMDAsInVwZGF0ZSI6MzYwMDAwMDAwMDAwMH0sInNjaGVtYV92ZXJzaW9uIjoiMSJ9",
          "dependencies": [
            "google_compute_network.vpc",
            "google_compute_subnetwork.subnet"
          ]
        }
      ]
    },
    {
      "mode": "managed",
      "type": "google_container_node_pool",
      "name": "primary_nodes",
      "provider": "provider.google",
      "instances": [
        {
          "schema_version": 1,
          "attributes": {
            "autoscaling": [],
            "cluster": "shining-rush-284917-gke",
            "id": "projects/shining-rush-284917/locations/us-central1/clusters/shining-rush-284917-gke/nodePools/shining-rush-284917-gke-node-pool",
            "initial_node_count": 1,
            "instance_group_urls": [
              "https://www.googleapis.com/compute/v1/projects/shining-rush-284917/zones/us-central1-f/instanceGroupManagers/gke-shining-rush-284-shining-rush-284-c0125bb2-grp",
              "https://www.googleapis.com/compute/v1/projects/shining-rush-284917/zones/us-central1-a/instanceGroupManagers/gke-shining-rush-284-shining-rush-284-277bf144-grp",
              "https://www.googleapis.com/compute/v1/projects/shining-rush-284917/zones/us-central1-b/instanceGroupManagers/gke-shining-rush-284-shining-rush-284-78e646d4-grp"
            ],
            "location": "us-central1",
            "management": [
              {
                "auto_repair": true,
                "auto_upgrade": true
              }
            ],
            "max_pods_per_node": null,
            "name": "shining-rush-284917-gke-node-pool",
            "name_prefix": "",
            "node_config": [
              {
                "disk_size_gb": 100,
                "disk_type": "pd-standard",
                "guest_accelerator": [],
                "image_type": "COS",
                "labels": {
                  "env": "shining-rush-284917"
                },
                "local_ssd_count": 0,
                "machine_type": "n1-standard-1",
                "metadata": {
                  "disable-legacy-endpoints": "true"
                },
                "min_cpu_platform": "",
                "oauth_scopes": [
                  "https://www.googleapis.com/auth/logging.write",
                  "https://www.googleapis.com/auth/monitoring"
                ],
                "preemptible": false,
                "sandbox_config": [],
                "service_account": "default",
                "shielded_instance_config": [
                  {
                    "enable_integrity_monitoring": true,
                    "enable_secure_boot": false
                  }
                ],
                "tags": [
                  "gke-node",
                  "shining-rush-284917-gke"
                ],
                "taint": [],
                "workload_metadata_config": []
              }
            ],
            "node_count": 1,
            "node_locations": [
              "us-central1-a",
              "us-central1-b",
              "us-central1-f"
            ],
            "project": "shining-rush-284917",
            "region": null,
            "timeouts": null,
            "upgrade_settings": [
              {
                "max_surge": 1,
                "max_unavailable": 0
              }
            ],
            "version": "1.15.12-gke.2",
            "zone": null
          },
          "private": "eyJlMmJmYjczMC1lY2FhLTExZTYtOGY4OC0zNDM2M2JjN2M0YzAiOnsiY3JlYXRlIjoxODAwMDAwMDAwMDAwLCJkZWxldGUiOjE4MDAwMDAwMDAwMDAsInVwZGF0ZSI6MTgwMDAwMDAwMDAwMH0sInNjaGVtYV92ZXJzaW9uIjoiMSJ9",
          "dependencies": [
            "google_compute_network.vpc",
            "google_compute_subnetwork.subnet",
            "google_container_cluster.primary"
          ]
        }
      ]
    }
  ]
}
